// !$*UTF8*$!
{
	archiveVersion = 1;
	classes = {
	};
	objectVersion = 46;
	objects = {

/* Begin PBXBuildFile section */
		685FEC0C16BA08E7007083CF /* UIKit.framework in Frameworks */ = {isa = PBXBuildFile; fileRef = 685FEC0B16BA08E7007083CF /* UIKit.framework */; };
		685FEC0E16BA08E7007083CF /* Foundation.framework in Frameworks */ = {isa = PBXBuildFile; fileRef = 685FEC0D16BA08E7007083CF /* Foundation.framework */; };
		685FEC1016BA08E7007083CF /* CoreGraphics.framework in Frameworks */ = {isa = PBXBuildFile; fileRef = 685FEC0F16BA08E7007083CF /* CoreGraphics.framework */; };
		685FEC1616BA08E7007083CF /* InfoPlist.strings in Resources */ = {isa = PBXBuildFile; fileRef = 685FEC1416BA08E7007083CF /* InfoPlist.strings */; };
		685FEC1816BA08E7007083CF /* main.m in Sources */ = {isa = PBXBuildFile; fileRef = 685FEC1716BA08E7007083CF /* main.m */; };
		685FEC1C16BA08E7007083CF /* AppDelegate.m in Sources */ = {isa = PBXBuildFile; fileRef = 685FEC1B16BA08E7007083CF /* AppDelegate.m */; };
		685FEC1E16BA08E7007083CF /* Default.png in Resources */ = {isa = PBXBuildFile; fileRef = 685FEC1D16BA08E7007083CF /* Default.png */; };
		685FEC2016BA08E7007083CF /* Default@2x.png in Resources */ = {isa = PBXBuildFile; fileRef = 685FEC1F16BA08E7007083CF /* Default@2x.png */; };
		685FEC2216BA08E7007083CF /* Default-568h@2x.png in Resources */ = {isa = PBXBuildFile; fileRef = 685FEC2116BA08E7007083CF /* Default-568h@2x.png */; };
		685FEC2516BA08E7007083CF /* MainStoryboard.storyboard in Resources */ = {isa = PBXBuildFile; fileRef = 685FEC2316BA08E7007083CF /* MainStoryboard.storyboard */; };
		685FEC2816BA08E7007083CF /* MasterViewController.m in Sources */ = {isa = PBXBuildFile; fileRef = 685FEC2716BA08E7007083CF /* MasterViewController.m */; };
		685FEC2B16BA08E7007083CF /* DetailViewController.m in Sources */ = {isa = PBXBuildFile; fileRef = 685FEC2A16BA08E7007083CF /* DetailViewController.m */; };
		685FEC3216BA0DE5007083CF /* libz.1.2.5.dylib in Frameworks */ = {isa = PBXBuildFile; fileRef = 685FEC3116BA0DE5007083CF /* libz.1.2.5.dylib */; };
		685FEC3E16BA0F63007083CF /* image.png in Resources */ = {isa = PBXBuildFile; fileRef = 685FEC3816BA0F63007083CF /* image.png */; };
		685FEC3F16BA0F63007083CF /* crunchbase.png in Resources */ = {isa = PBXBuildFile; fileRef = 685FEC3916BA0F63007083CF /* crunchbase.png */; };
		685FEC4016BA0F63007083CF /* crunchbase@2x.png in Resources */ = {isa = PBXBuildFile; fileRef = 685FEC3A16BA0F63007083CF /* crunchbase@2x.png */; };
		6894C7931841B79100A3CD85 /* AFHTTPClient.m in Sources */ = {isa = PBXBuildFile; fileRef = 6894C7811841B79100A3CD85 /* AFHTTPClient.m */; };
		6894C7941841B79100A3CD85 /* AFHTTPRequestOperation.m in Sources */ = {isa = PBXBuildFile; fileRef = 6894C7831841B79100A3CD85 /* AFHTTPRequestOperation.m */; };
		6894C7951841B79100A3CD85 /* AFImageRequestOperation.m in Sources */ = {isa = PBXBuildFile; fileRef = 6894C7851841B79100A3CD85 /* AFImageRequestOperation.m */; };
		6894C7961841B79100A3CD85 /* AFJSONRequestOperation.m in Sources */ = {isa = PBXBuildFile; fileRef = 6894C7871841B79100A3CD85 /* AFJSONRequestOperation.m */; };
		6894C7971841B79100A3CD85 /* AFNetworkActivityIndicatorManager.m in Sources */ = {isa = PBXBuildFile; fileRef = 6894C7891841B79100A3CD85 /* AFNetworkActivityIndicatorManager.m */; };
		6894C7981841B79100A3CD85 /* AFPropertyListRequestOperation.m in Sources */ = {isa = PBXBuildFile; fileRef = 6894C78C1841B79100A3CD85 /* AFPropertyListRequestOperation.m */; };
		6894C7991841B79100A3CD85 /* AFURLConnectionOperation.m in Sources */ = {isa = PBXBuildFile; fileRef = 6894C78E1841B79100A3CD85 /* AFURLConnectionOperation.m */; };
		6894C79A1841B79100A3CD85 /* AFXMLRequestOperation.m in Sources */ = {isa = PBXBuildFile; fileRef = 6894C7901841B79100A3CD85 /* AFXMLRequestOperation.m */; };
		6894C79B1841B79100A3CD85 /* UIImageView+AFNetworking.m in Sources */ = {isa = PBXBuildFile; fileRef = 6894C7921841B79100A3CD85 /* UIImageView+AFNetworking.m */; };
		6894C79D1841B92E00A3CD85 /* CFNetwork.framework in Frameworks */ = {isa = PBXBuildFile; fileRef = 6894C79C1841B92E00A3CD85 /* CFNetwork.framework */; };
		6894C79F1841B9AA00A3CD85 /* MobileCoreServices.framework in Frameworks */ = {isa = PBXBuildFile; fileRef = 6894C79E1841B9AA00A3CD85 /* MobileCoreServices.framework */; };
		6894C7A51841BA6E00A3CD85 /* Security.framework in Frameworks */ = {isa = PBXBuildFile; fileRef = 6894C7A41841BA6E00A3CD85 /* Security.framework */; };
		68B7881D18B5EA76001CAAB4 /* Crashlytics.framework in Frameworks */ = {isa = PBXBuildFile; fileRef = 68B7881C18B5EA76001CAAB4 /* Crashlytics.framework */; };
		68B7882018B5ED14001CAAB4 /* OfficeAnnotation.m in Sources */ = {isa = PBXBuildFile; fileRef = 68B7881F18B5ED14001CAAB4 /* OfficeAnnotation.m */; };
		68B7882218B98288001CAAB4 /* iAd.framework in Frameworks */ = {isa = PBXBuildFile; fileRef = 68B7882118B98288001CAAB4 /* iAd.framework */; };
		68B7882518B98E07001CAAB4 /* FundingsViewController.m in Sources */ = {isa = PBXBuildFile; fileRef = 68B7882418B98E07001CAAB4 /* FundingsViewController.m */; };
		68BE431819FAE9D800C76DFC /* MKAnnotationView+WebCache.m in Sources */ = {isa = PBXBuildFile; fileRef = 68BE42F819FAE9D800C76DFC /* MKAnnotationView+WebCache.m */; };
		68BE431919FAE9D800C76DFC /* NSData+ImageContentType.m in Sources */ = {isa = PBXBuildFile; fileRef = 68BE42FA19FAE9D800C76DFC /* NSData+ImageContentType.m */; };
		68BE431A19FAE9D800C76DFC /* SDImageCache.m in Sources */ = {isa = PBXBuildFile; fileRef = 68BE42FC19FAE9D800C76DFC /* SDImageCache.m */; };
		68BE431B19FAE9D800C76DFC /* SDWebImageCompat.m in Sources */ = {isa = PBXBuildFile; fileRef = 68BE42FE19FAE9D800C76DFC /* SDWebImageCompat.m */; };
		68BE431C19FAE9D800C76DFC /* SDWebImageDecoder.m in Sources */ = {isa = PBXBuildFile; fileRef = 68BE430019FAE9D800C76DFC /* SDWebImageDecoder.m */; };
		68BE431D19FAE9D800C76DFC /* SDWebImageDownloader.m in Sources */ = {isa = PBXBuildFile; fileRef = 68BE430219FAE9D800C76DFC /* SDWebImageDownloader.m */; };
		68BE431E19FAE9D800C76DFC /* SDWebImageDownloaderOperation.m in Sources */ = {isa = PBXBuildFile; fileRef = 68BE430419FAE9D800C76DFC /* SDWebImageDownloaderOperation.m */; };
		68BE431F19FAE9D800C76DFC /* SDWebImageManager.m in Sources */ = {isa = PBXBuildFile; fileRef = 68BE430619FAE9D800C76DFC /* SDWebImageManager.m */; };
		68BE432019FAE9D800C76DFC /* SDWebImagePrefetcher.m in Sources */ = {isa = PBXBuildFile; fileRef = 68BE430919FAE9D800C76DFC /* SDWebImagePrefetcher.m */; };
		68BE432119FAE9D800C76DFC /* UIButton+WebCache.m in Sources */ = {isa = PBXBuildFile; fileRef = 68BE430B19FAE9D800C76DFC /* UIButton+WebCache.m */; };
		68BE432219FAE9D800C76DFC /* UIImage+GIF.m in Sources */ = {isa = PBXBuildFile; fileRef = 68BE430D19FAE9D800C76DFC /* UIImage+GIF.m */; };
		68BE432319FAE9D800C76DFC /* UIImage+MultiFormat.m in Sources */ = {isa = PBXBuildFile; fileRef = 68BE430F19FAE9D800C76DFC /* UIImage+MultiFormat.m */; };
		68BE432419FAE9D800C76DFC /* UIImage+WebP.m in Sources */ = {isa = PBXBuildFile; fileRef = 68BE431119FAE9D800C76DFC /* UIImage+WebP.m */; };
		68BE432519FAE9D800C76DFC /* UIImageView+HighlightedWebCache.m in Sources */ = {isa = PBXBuildFile; fileRef = 68BE431319FAE9D800C76DFC /* UIImageView+HighlightedWebCache.m */; };
		68BE432619FAE9D800C76DFC /* UIImageView+WebCache.m in Sources */ = {isa = PBXBuildFile; fileRef = 68BE431519FAE9D800C76DFC /* UIImageView+WebCache.m */; };
		68BE432719FAE9D800C76DFC /* UIView+WebCacheOperation.m in Sources */ = {isa = PBXBuildFile; fileRef = 68BE431719FAE9D800C76DFC /* UIView+WebCacheOperation.m */; };
		68BE432919FAEEBB00C76DFC /* Launch Screen.xib in Resources */ = {isa = PBXBuildFile; fileRef = 68BE432819FAEEBB00C76DFC /* Launch Screen.xib */; };
		68C9A01C183D86F400BA2885 /* Images.xcassets in Resources */ = {isa = PBXBuildFile; fileRef = 68C9A01B183D86F400BA2885 /* Images.xcassets */; };
		68E669BA16C58CAE007529AD /* ImageIO.framework in Frameworks */ = {isa = PBXBuildFile; fileRef = 68E669B916C58CAE007529AD /* ImageIO.framework */; };
		68E669BC16C58CD7007529AD /* MapKit.framework in Frameworks */ = {isa = PBXBuildFile; fileRef = 68E669BB16C58CD7007529AD /* MapKit.framework */; };
		68E669BF16C64764007529AD /* AboutViewController.m in Sources */ = {isa = PBXBuildFile; fileRef = 68E669BE16C64763007529AD /* AboutViewController.m */; };
		68E669C216C65AF0007529AD /* ImageViewController.m in Sources */ = {isa = PBXBuildFile; fileRef = 68E669C116C65AF0007529AD /* ImageViewController.m */; };
		68E669C916C6E972007529AD /* OverviewViewController.m in Sources */ = {isa = PBXBuildFile; fileRef = 68E669C816C6E972007529AD /* OverviewViewController.m */; };
		68E669CF16C76754007529AD /* GTMNSString+HTML.m in Sources */ = {isa = PBXBuildFile; fileRef = 68E669CC16C76754007529AD /* GTMNSString+HTML.m */; settings = {COMPILER_FLAGS = "-fno-objc-arc"; }; };
		68E669D016C76754007529AD /* NSString+HTML.m in Sources */ = {isa = PBXBuildFile; fileRef = 68E669CE16C76754007529AD /* NSString+HTML.m */; settings = {COMPILER_FLAGS = "-fno-objc-arc"; }; };
		E810235C17B410C400C80FBE /* Cruncher.m in Sources */ = {isa = PBXBuildFile; fileRef = E810235B17B410C400C80FBE /* Cruncher.m */; };
		E89397F618B2B09100474141 /* WebViewController.m in Sources */ = {isa = PBXBuildFile; fileRef = E89397F518B2B09100474141 /* WebViewController.m */; };
		E89397F918B2C33C00474141 /* MapViewController.m in Sources */ = {isa = PBXBuildFile; fileRef = E89397F818B2C33C00474141 /* MapViewController.m */; };
		E89397FB18B2C3D800474141 /* CoreLocation.framework in Frameworks */ = {isa = PBXBuildFile; fileRef = E89397FA18B2C3D800474141 /* CoreLocation.framework */; };
/* End PBXBuildFile section */

/* Begin PBXFileReference section */
		685FEC0816BA08E7007083CF /* Crunchy.app */ = {isa = PBXFileReference; explicitFileType = wrapper.application; includeInIndex = 0; path = Crunchy.app; sourceTree = BUILT_PRODUCTS_DIR; };
		685FEC0B16BA08E7007083CF /* UIKit.framework */ = {isa = PBXFileReference; lastKnownFileType = wrapper.framework; name = UIKit.framework; path = System/Library/Frameworks/UIKit.framework; sourceTree = SDKROOT; };
		685FEC0D16BA08E7007083CF /* Foundation.framework */ = {isa = PBXFileReference; lastKnownFileType = wrapper.framework; name = Foundation.framework; path = System/Library/Frameworks/Foundation.framework; sourceTree = SDKROOT; };
		685FEC0F16BA08E7007083CF /* CoreGraphics.framework */ = {isa = PBXFileReference; lastKnownFileType = wrapper.framework; name = CoreGraphics.framework; path = System/Library/Frameworks/CoreGraphics.framework; sourceTree = SDKROOT; };
		685FEC1316BA08E7007083CF /* Crunchy-Info.plist */ = {isa = PBXFileReference; lastKnownFileType = text.plist.xml; path = "Crunchy-Info.plist"; sourceTree = "<group>"; };
		685FEC1516BA08E7007083CF /* en */ = {isa = PBXFileReference; lastKnownFileType = text.plist.strings; name = en; path = en.lproj/InfoPlist.strings; sourceTree = "<group>"; };
		685FEC1716BA08E7007083CF /* main.m */ = {isa = PBXFileReference; lastKnownFileType = sourcecode.c.objc; path = main.m; sourceTree = "<group>"; };
		685FEC1916BA08E7007083CF /* Crunchy-Prefix.pch */ = {isa = PBXFileReference; lastKnownFileType = sourcecode.c.h; path = "Crunchy-Prefix.pch"; sourceTree = "<group>"; };
		685FEC1A16BA08E7007083CF /* AppDelegate.h */ = {isa = PBXFileReference; lastKnownFileType = sourcecode.c.h; path = AppDelegate.h; sourceTree = "<group>"; };
		685FEC1B16BA08E7007083CF /* AppDelegate.m */ = {isa = PBXFileReference; lastKnownFileType = sourcecode.c.objc; path = AppDelegate.m; sourceTree = "<group>"; };
		685FEC1D16BA08E7007083CF /* Default.png */ = {isa = PBXFileReference; lastKnownFileType = image.png; path = Default.png; sourceTree = "<group>"; };
		685FEC1F16BA08E7007083CF /* Default@2x.png */ = {isa = PBXFileReference; lastKnownFileType = image.png; path = "Default@2x.png"; sourceTree = "<group>"; };
		685FEC2116BA08E7007083CF /* Default-568h@2x.png */ = {isa = PBXFileReference; lastKnownFileType = image.png; path = "Default-568h@2x.png"; sourceTree = "<group>"; };
		685FEC2416BA08E7007083CF /* en */ = {isa = PBXFileReference; lastKnownFileType = file.storyboard; name = en; path = en.lproj/MainStoryboard.storyboard; sourceTree = "<group>"; };
		685FEC2616BA08E7007083CF /* MasterViewController.h */ = {isa = PBXFileReference; lastKnownFileType = sourcecode.c.h; path = MasterViewController.h; sourceTree = "<group>"; };
		685FEC2716BA08E7007083CF /* MasterViewController.m */ = {isa = PBXFileReference; lastKnownFileType = sourcecode.c.objc; path = MasterViewController.m; sourceTree = "<group>"; };
		685FEC2916BA08E7007083CF /* DetailViewController.h */ = {isa = PBXFileReference; lastKnownFileType = sourcecode.c.h; path = DetailViewController.h; sourceTree = "<group>"; };
		685FEC2A16BA08E7007083CF /* DetailViewController.m */ = {isa = PBXFileReference; lastKnownFileType = sourcecode.c.objc; path = DetailViewController.m; sourceTree = "<group>"; };
		685FEC3116BA0DE5007083CF /* libz.1.2.5.dylib */ = {isa = PBXFileReference; lastKnownFileType = "compiled.mach-o.dylib"; name = libz.1.2.5.dylib; path = usr/lib/libz.1.2.5.dylib; sourceTree = SDKROOT; };
		685FEC3316BA0DEF007083CF /* libxml2.2.dylib */ = {isa = PBXFileReference; lastKnownFileType = "compiled.mach-o.dylib"; name = libxml2.2.dylib; path = usr/lib/libxml2.2.dylib; sourceTree = SDKROOT; };
		685FEC3516BA0F63007083CF /* Default-568h@2x.png */ = {isa = PBXFileReference; lastKnownFileType = image.png; path = "Default-568h@2x.png"; sourceTree = "<group>"; };
		685FEC3616BA0F63007083CF /* Default.png */ = {isa = PBXFileReference; lastKnownFileType = image.png; path = Default.png; sourceTree = "<group>"; };
		685FEC3716BA0F63007083CF /* Default@2x.png */ = {isa = PBXFileReference; lastKnownFileType = image.png; path = "Default@2x.png"; sourceTree = "<group>"; };
		685FEC3816BA0F63007083CF /* image.png */ = {isa = PBXFileReference; lastKnownFileType = image.png; path = image.png; sourceTree = "<group>"; };
		685FEC3916BA0F63007083CF /* crunchbase.png */ = {isa = PBXFileReference; lastKnownFileType = image.png; path = crunchbase.png; sourceTree = "<group>"; };
		685FEC3A16BA0F63007083CF /* crunchbase@2x.png */ = {isa = PBXFileReference; lastKnownFileType = image.png; path = "crunchbase@2x.png"; sourceTree = "<group>"; };
		6894C7801841B79100A3CD85 /* AFHTTPClient.h */ = {isa = PBXFileReference; fileEncoding = 4; lastKnownFileType = sourcecode.c.h; path = AFHTTPClient.h; sourceTree = "<group>"; };
		6894C7811841B79100A3CD85 /* AFHTTPClient.m */ = {isa = PBXFileReference; fileEncoding = 4; lastKnownFileType = sourcecode.c.objc; path = AFHTTPClient.m; sourceTree = "<group>"; };
		6894C7821841B79100A3CD85 /* AFHTTPRequestOperation.h */ = {isa = PBXFileReference; fileEncoding = 4; lastKnownFileType = sourcecode.c.h; path = AFHTTPRequestOperation.h; sourceTree = "<group>"; };
		6894C7831841B79100A3CD85 /* AFHTTPRequestOperation.m */ = {isa = PBXFileReference; fileEncoding = 4; lastKnownFileType = sourcecode.c.objc; path = AFHTTPRequestOperation.m; sourceTree = "<group>"; };
		6894C7841841B79100A3CD85 /* AFImageRequestOperation.h */ = {isa = PBXFileReference; fileEncoding = 4; lastKnownFileType = sourcecode.c.h; path = AFImageRequestOperation.h; sourceTree = "<group>"; };
		6894C7851841B79100A3CD85 /* AFImageRequestOperation.m */ = {isa = PBXFileReference; fileEncoding = 4; lastKnownFileType = sourcecode.c.objc; path = AFImageRequestOperation.m; sourceTree = "<group>"; };
		6894C7861841B79100A3CD85 /* AFJSONRequestOperation.h */ = {isa = PBXFileReference; fileEncoding = 4; lastKnownFileType = sourcecode.c.h; path = AFJSONRequestOperation.h; sourceTree = "<group>"; };
		6894C7871841B79100A3CD85 /* AFJSONRequestOperation.m */ = {isa = PBXFileReference; fileEncoding = 4; lastKnownFileType = sourcecode.c.objc; path = AFJSONRequestOperation.m; sourceTree = "<group>"; };
		6894C7881841B79100A3CD85 /* AFNetworkActivityIndicatorManager.h */ = {isa = PBXFileReference; fileEncoding = 4; lastKnownFileType = sourcecode.c.h; path = AFNetworkActivityIndicatorManager.h; sourceTree = "<group>"; };
		6894C7891841B79100A3CD85 /* AFNetworkActivityIndicatorManager.m */ = {isa = PBXFileReference; fileEncoding = 4; lastKnownFileType = sourcecode.c.objc; path = AFNetworkActivityIndicatorManager.m; sourceTree = "<group>"; };
		6894C78A1841B79100A3CD85 /* AFNetworking.h */ = {isa = PBXFileReference; fileEncoding = 4; lastKnownFileType = sourcecode.c.h; path = AFNetworking.h; sourceTree = "<group>"; };
		6894C78B1841B79100A3CD85 /* AFPropertyListRequestOperation.h */ = {isa = PBXFileReference; fileEncoding = 4; lastKnownFileType = sourcecode.c.h; path = AFPropertyListRequestOperation.h; sourceTree = "<group>"; };
		6894C78C1841B79100A3CD85 /* AFPropertyListRequestOperation.m */ = {isa = PBXFileReference; fileEncoding = 4; lastKnownFileType = sourcecode.c.objc; path = AFPropertyListRequestOperation.m; sourceTree = "<group>"; };
		6894C78D1841B79100A3CD85 /* AFURLConnectionOperation.h */ = {isa = PBXFileReference; fileEncoding = 4; lastKnownFileType = sourcecode.c.h; path = AFURLConnectionOperation.h; sourceTree = "<group>"; };
		6894C78E1841B79100A3CD85 /* AFURLConnectionOperation.m */ = {isa = PBXFileReference; fileEncoding = 4; lastKnownFileType = sourcecode.c.objc; path = AFURLConnectionOperation.m; sourceTree = "<group>"; };
		6894C78F1841B79100A3CD85 /* AFXMLRequestOperation.h */ = {isa = PBXFileReference; fileEncoding = 4; lastKnownFileType = sourcecode.c.h; path = AFXMLRequestOperation.h; sourceTree = "<group>"; };
		6894C7901841B79100A3CD85 /* AFXMLRequestOperation.m */ = {isa = PBXFileReference; fileEncoding = 4; lastKnownFileType = sourcecode.c.objc; path = AFXMLRequestOperation.m; sourceTree = "<group>"; };
		6894C7911841B79100A3CD85 /* UIImageView+AFNetworking.h */ = {isa = PBXFileReference; fileEncoding = 4; lastKnownFileType = sourcecode.c.h; path = "UIImageView+AFNetworking.h"; sourceTree = "<group>"; };
		6894C7921841B79100A3CD85 /* UIImageView+AFNetworking.m */ = {isa = PBXFileReference; fileEncoding = 4; lastKnownFileType = sourcecode.c.objc; path = "UIImageView+AFNetworking.m"; sourceTree = "<group>"; };
		6894C79C1841B92E00A3CD85 /* CFNetwork.framework */ = {isa = PBXFileReference; lastKnownFileType = wrapper.framework; name = CFNetwork.framework; path = System/Library/Frameworks/CFNetwork.framework; sourceTree = SDKROOT; };
		6894C79E1841B9AA00A3CD85 /* MobileCoreServices.framework */ = {isa = PBXFileReference; lastKnownFileType = wrapper.framework; name = MobileCoreServices.framework; path = System/Library/Frameworks/MobileCoreServices.framework; sourceTree = SDKROOT; };
		6894C7A21841BA3800A3CD85 /* CoreImage.framework */ = {isa = PBXFileReference; lastKnownFileType = wrapper.framework; name = CoreImage.framework; path = System/Library/Frameworks/CoreImage.framework; sourceTree = SDKROOT; };
		6894C7A41841BA6E00A3CD85 /* Security.framework */ = {isa = PBXFileReference; lastKnownFileType = wrapper.framework; name = Security.framework; path = System/Library/Frameworks/Security.framework; sourceTree = SDKROOT; };
		68B7881C18B5EA76001CAAB4 /* Crashlytics.framework */ = {isa = PBXFileReference; lastKnownFileType = wrapper.framework; path = Crashlytics.framework; sourceTree = "<group>"; };
		68B7881E18B5ED14001CAAB4 /* OfficeAnnotation.h */ = {isa = PBXFileReference; fileEncoding = 4; lastKnownFileType = sourcecode.c.h; path = OfficeAnnotation.h; sourceTree = "<group>"; };
		68B7881F18B5ED14001CAAB4 /* OfficeAnnotation.m */ = {isa = PBXFileReference; fileEncoding = 4; lastKnownFileType = sourcecode.c.objc; path = OfficeAnnotation.m; sourceTree = "<group>"; };
		68B7882118B98288001CAAB4 /* iAd.framework */ = {isa = PBXFileReference; lastKnownFileType = wrapper.framework; name = iAd.framework; path = System/Library/Frameworks/iAd.framework; sourceTree = SDKROOT; };
		68B7882318B98E07001CAAB4 /* FundingsViewController.h */ = {isa = PBXFileReference; fileEncoding = 4; lastKnownFileType = sourcecode.c.h; path = FundingsViewController.h; sourceTree = "<group>"; };
		68B7882418B98E07001CAAB4 /* FundingsViewController.m */ = {isa = PBXFileReference; fileEncoding = 4; lastKnownFileType = sourcecode.c.objc; path = FundingsViewController.m; sourceTree = "<group>"; };
		68BE42F719FAE9D800C76DFC /* MKAnnotationView+WebCache.h */ = {isa = PBXFileReference; fileEncoding = 4; lastKnownFileType = sourcecode.c.h; path = "MKAnnotationView+WebCache.h"; sourceTree = "<group>"; };
		68BE42F819FAE9D800C76DFC /* MKAnnotationView+WebCache.m */ = {isa = PBXFileReference; fileEncoding = 4; lastKnownFileType = sourcecode.c.objc; path = "MKAnnotationView+WebCache.m"; sourceTree = "<group>"; };
		68BE42F919FAE9D800C76DFC /* NSData+ImageContentType.h */ = {isa = PBXFileReference; fileEncoding = 4; lastKnownFileType = sourcecode.c.h; path = "NSData+ImageContentType.h"; sourceTree = "<group>"; };
		68BE42FA19FAE9D800C76DFC /* NSData+ImageContentType.m */ = {isa = PBXFileReference; fileEncoding = 4; lastKnownFileType = sourcecode.c.objc; path = "NSData+ImageContentType.m"; sourceTree = "<group>"; };
		68BE42FB19FAE9D800C76DFC /* SDImageCache.h */ = {isa = PBXFileReference; fileEncoding = 4; lastKnownFileType = sourcecode.c.h; path = SDImageCache.h; sourceTree = "<group>"; };
		68BE42FC19FAE9D800C76DFC /* SDImageCache.m */ = {isa = PBXFileReference; fileEncoding = 4; lastKnownFileType = sourcecode.c.objc; path = SDImageCache.m; sourceTree = "<group>"; };
		68BE42FD19FAE9D800C76DFC /* SDWebImageCompat.h */ = {isa = PBXFileReference; fileEncoding = 4; lastKnownFileType = sourcecode.c.h; path = SDWebImageCompat.h; sourceTree = "<group>"; };
		68BE42FE19FAE9D800C76DFC /* SDWebImageCompat.m */ = {isa = PBXFileReference; fileEncoding = 4; lastKnownFileType = sourcecode.c.objc; path = SDWebImageCompat.m; sourceTree = "<group>"; };
		68BE42FF19FAE9D800C76DFC /* SDWebImageDecoder.h */ = {isa = PBXFileReference; fileEncoding = 4; lastKnownFileType = sourcecode.c.h; path = SDWebImageDecoder.h; sourceTree = "<group>"; };
		68BE430019FAE9D800C76DFC /* SDWebImageDecoder.m */ = {isa = PBXFileReference; fileEncoding = 4; lastKnownFileType = sourcecode.c.objc; path = SDWebImageDecoder.m; sourceTree = "<group>"; };
		68BE430119FAE9D800C76DFC /* SDWebImageDownloader.h */ = {isa = PBXFileReference; fileEncoding = 4; lastKnownFileType = sourcecode.c.h; path = SDWebImageDownloader.h; sourceTree = "<group>"; };
		68BE430219FAE9D800C76DFC /* SDWebImageDownloader.m */ = {isa = PBXFileReference; fileEncoding = 4; lastKnownFileType = sourcecode.c.objc; path = SDWebImageDownloader.m; sourceTree = "<group>"; };
		68BE430319FAE9D800C76DFC /* SDWebImageDownloaderOperation.h */ = {isa = PBXFileReference; fileEncoding = 4; lastKnownFileType = sourcecode.c.h; path = SDWebImageDownloaderOperation.h; sourceTree = "<group>"; };
		68BE430419FAE9D800C76DFC /* SDWebImageDownloaderOperation.m */ = {isa = PBXFileReference; fileEncoding = 4; lastKnownFileType = sourcecode.c.objc; path = SDWebImageDownloaderOperation.m; sourceTree = "<group>"; };
		68BE430519FAE9D800C76DFC /* SDWebImageManager.h */ = {isa = PBXFileReference; fileEncoding = 4; lastKnownFileType = sourcecode.c.h; path = SDWebImageManager.h; sourceTree = "<group>"; };
		68BE430619FAE9D800C76DFC /* SDWebImageManager.m */ = {isa = PBXFileReference; fileEncoding = 4; lastKnownFileType = sourcecode.c.objc; path = SDWebImageManager.m; sourceTree = "<group>"; };
		68BE430719FAE9D800C76DFC /* SDWebImageOperation.h */ = {isa = PBXFileReference; fileEncoding = 4; lastKnownFileType = sourcecode.c.h; path = SDWebImageOperation.h; sourceTree = "<group>"; };
		68BE430819FAE9D800C76DFC /* SDWebImagePrefetcher.h */ = {isa = PBXFileReference; fileEncoding = 4; lastKnownFileType = sourcecode.c.h; path = SDWebImagePrefetcher.h; sourceTree = "<group>"; };
		68BE430919FAE9D800C76DFC /* SDWebImagePrefetcher.m */ = {isa = PBXFileReference; fileEncoding = 4; lastKnownFileType = sourcecode.c.objc; path = SDWebImagePrefetcher.m; sourceTree = "<group>"; };
		68BE430A19FAE9D800C76DFC /* UIButton+WebCache.h */ = {isa = PBXFileReference; fileEncoding = 4; lastKnownFileType = sourcecode.c.h; path = "UIButton+WebCache.h"; sourceTree = "<group>"; };
		68BE430B19FAE9D800C76DFC /* UIButton+WebCache.m */ = {isa = PBXFileReference; fileEncoding = 4; lastKnownFileType = sourcecode.c.objc; path = "UIButton+WebCache.m"; sourceTree = "<group>"; };
		68BE430C19FAE9D800C76DFC /* UIImage+GIF.h */ = {isa = PBXFileReference; fileEncoding = 4; lastKnownFileType = sourcecode.c.h; path = "UIImage+GIF.h"; sourceTree = "<group>"; };
		68BE430D19FAE9D800C76DFC /* UIImage+GIF.m */ = {isa = PBXFileReference; fileEncoding = 4; lastKnownFileType = sourcecode.c.objc; path = "UIImage+GIF.m"; sourceTree = "<group>"; };
		68BE430E19FAE9D800C76DFC /* UIImage+MultiFormat.h */ = {isa = PBXFileReference; fileEncoding = 4; lastKnownFileType = sourcecode.c.h; path = "UIImage+MultiFormat.h"; sourceTree = "<group>"; };
		68BE430F19FAE9D800C76DFC /* UIImage+MultiFormat.m */ = {isa = PBXFileReference; fileEncoding = 4; lastKnownFileType = sourcecode.c.objc; path = "UIImage+MultiFormat.m"; sourceTree = "<group>"; };
		68BE431019FAE9D800C76DFC /* UIImage+WebP.h */ = {isa = PBXFileReference; fileEncoding = 4; lastKnownFileType = sourcecode.c.h; path = "UIImage+WebP.h"; sourceTree = "<group>"; };
		68BE431119FAE9D800C76DFC /* UIImage+WebP.m */ = {isa = PBXFileReference; fileEncoding = 4; lastKnownFileType = sourcecode.c.objc; path = "UIImage+WebP.m"; sourceTree = "<group>"; };
		68BE431219FAE9D800C76DFC /* UIImageView+HighlightedWebCache.h */ = {isa = PBXFileReference; fileEncoding = 4; lastKnownFileType = sourcecode.c.h; path = "UIImageView+HighlightedWebCache.h"; sourceTree = "<group>"; };
		68BE431319FAE9D800C76DFC /* UIImageView+HighlightedWebCache.m */ = {isa = PBXFileReference; fileEncoding = 4; lastKnownFileType = sourcecode.c.objc; path = "UIImageView+HighlightedWebCache.m"; sourceTree = "<group>"; };
		68BE431419FAE9D800C76DFC /* UIImageView+WebCache.h */ = {isa = PBXFileReference; fileEncoding = 4; lastKnownFileType = sourcecode.c.h; path = "UIImageView+WebCache.h"; sourceTree = "<group>"; };
		68BE431519FAE9D800C76DFC /* UIImageView+WebCache.m */ = {isa = PBXFileReference; fileEncoding = 4; lastKnownFileType = sourcecode.c.objc; path = "UIImageView+WebCache.m"; sourceTree = "<group>"; };
		68BE431619FAE9D800C76DFC /* UIView+WebCacheOperation.h */ = {isa = PBXFileReference; fileEncoding = 4; lastKnownFileType = sourcecode.c.h; path = "UIView+WebCacheOperation.h"; sourceTree = "<group>"; };
		68BE431719FAE9D800C76DFC /* UIView+WebCacheOperation.m */ = {isa = PBXFileReference; fileEncoding = 4; lastKnownFileType = sourcecode.c.objc; path = "UIView+WebCacheOperation.m"; sourceTree = "<group>"; };
		68BE432819FAEEBB00C76DFC /* Launch Screen.xib */ = {isa = PBXFileReference; fileEncoding = 4; lastKnownFileType = file.xib; name = "Launch Screen.xib"; path = "../Launch Screen.xib"; sourceTree = "<group>"; };
		68C9A01B183D86F400BA2885 /* Images.xcassets */ = {isa = PBXFileReference; lastKnownFileType = folder.assetcatalog; path = Images.xcassets; sourceTree = "<group>"; };
		68E669B916C58CAE007529AD /* ImageIO.framework */ = {isa = PBXFileReference; lastKnownFileType = wrapper.framework; name = ImageIO.framework; path = System/Library/Frameworks/ImageIO.framework; sourceTree = SDKROOT; };
		68E669BB16C58CD7007529AD /* MapKit.framework */ = {isa = PBXFileReference; lastKnownFileType = wrapper.framework; name = MapKit.framework; path = System/Library/Frameworks/MapKit.framework; sourceTree = SDKROOT; };
		68E669BD16C64763007529AD /* AboutViewController.h */ = {isa = PBXFileReference; fileEncoding = 4; lastKnownFileType = sourcecode.c.h; path = AboutViewController.h; sourceTree = "<group>"; };
		68E669BE16C64763007529AD /* AboutViewController.m */ = {isa = PBXFileReference; fileEncoding = 4; lastKnownFileType = sourcecode.c.objc; path = AboutViewController.m; sourceTree = "<group>"; };
		68E669C016C65AF0007529AD /* ImageViewController.h */ = {isa = PBXFileReference; fileEncoding = 4; lastKnownFileType = sourcecode.c.h; path = ImageViewController.h; sourceTree = "<group>"; };
		68E669C116C65AF0007529AD /* ImageViewController.m */ = {isa = PBXFileReference; fileEncoding = 4; lastKnownFileType = sourcecode.c.objc; path = ImageViewController.m; sourceTree = "<group>"; };
		68E669C716C6E972007529AD /* OverviewViewController.h */ = {isa = PBXFileReference; fileEncoding = 4; lastKnownFileType = sourcecode.c.h; path = OverviewViewController.h; sourceTree = "<group>"; };
		68E669C816C6E972007529AD /* OverviewViewController.m */ = {isa = PBXFileReference; fileEncoding = 4; lastKnownFileType = sourcecode.c.objc; path = OverviewViewController.m; sourceTree = "<group>"; };
		68E669CB16C76754007529AD /* GTMNSString+HTML.h */ = {isa = PBXFileReference; fileEncoding = 4; lastKnownFileType = sourcecode.c.h; path = "GTMNSString+HTML.h"; sourceTree = "<group>"; };
		68E669CC16C76754007529AD /* GTMNSString+HTML.m */ = {isa = PBXFileReference; fileEncoding = 4; lastKnownFileType = sourcecode.c.objc; path = "GTMNSString+HTML.m"; sourceTree = "<group>"; };
		68E669CD16C76754007529AD /* NSString+HTML.h */ = {isa = PBXFileReference; fileEncoding = 4; lastKnownFileType = sourcecode.c.h; path = "NSString+HTML.h"; sourceTree = "<group>"; };
		68E669CE16C76754007529AD /* NSString+HTML.m */ = {isa = PBXFileReference; fileEncoding = 4; lastKnownFileType = sourcecode.c.objc; path = "NSString+HTML.m"; sourceTree = "<group>"; };
		E810235A17B410C400C80FBE /* Cruncher.h */ = {isa = PBXFileReference; fileEncoding = 4; lastKnownFileType = sourcecode.c.h; path = Cruncher.h; sourceTree = "<group>"; };
		E810235B17B410C400C80FBE /* Cruncher.m */ = {isa = PBXFileReference; fileEncoding = 4; lastKnownFileType = sourcecode.c.objc; path = Cruncher.m; sourceTree = "<group>"; };
		E89397F418B2B09100474141 /* WebViewController.h */ = {isa = PBXFileReference; fileEncoding = 4; lastKnownFileType = sourcecode.c.h; path = WebViewController.h; sourceTree = "<group>"; };
		E89397F518B2B09100474141 /* WebViewController.m */ = {isa = PBXFileReference; fileEncoding = 4; lastKnownFileType = sourcecode.c.objc; path = WebViewController.m; sourceTree = "<group>"; };
		E89397F718B2C33C00474141 /* MapViewController.h */ = {isa = PBXFileReference; fileEncoding = 4; lastKnownFileType = sourcecode.c.h; path = MapViewController.h; sourceTree = "<group>"; };
		E89397F818B2C33C00474141 /* MapViewController.m */ = {isa = PBXFileReference; fileEncoding = 4; lastKnownFileType = sourcecode.c.objc; path = MapViewController.m; sourceTree = "<group>"; };
		E89397FA18B2C3D800474141 /* CoreLocation.framework */ = {isa = PBXFileReference; lastKnownFileType = wrapper.framework; name = CoreLocation.framework; path = System/Library/Frameworks/CoreLocation.framework; sourceTree = SDKROOT; };
/* End PBXFileReference section */

/* Begin PBXFrameworksBuildPhase section */
		685FEC0516BA08E7007083CF /* Frameworks */ = {
			isa = PBXFrameworksBuildPhase;
			buildActionMask = 2147483647;
			files = (
				68B7882218B98288001CAAB4 /* iAd.framework in Frameworks */,
				E89397FB18B2C3D800474141 /* CoreLocation.framework in Frameworks */,
				68E669BC16C58CD7007529AD /* MapKit.framework in Frameworks */,
				6894C7A51841BA6E00A3CD85 /* Security.framework in Frameworks */,
				6894C79F1841B9AA00A3CD85 /* MobileCoreServices.framework in Frameworks */,
				6894C79D1841B92E00A3CD85 /* CFNetwork.framework in Frameworks */,
				68E669BA16C58CAE007529AD /* ImageIO.framework in Frameworks */,
				685FEC3216BA0DE5007083CF /* libz.1.2.5.dylib in Frameworks */,
				685FEC0C16BA08E7007083CF /* UIKit.framework in Frameworks */,
				685FEC0E16BA08E7007083CF /* Foundation.framework in Frameworks */,
				685FEC1016BA08E7007083CF /* CoreGraphics.framework in Frameworks */,
				68B7881D18B5EA76001CAAB4 /* Crashlytics.framework in Frameworks */,
			);
			runOnlyForDeploymentPostprocessing = 0;
		};
/* End PBXFrameworksBuildPhase section */

/* Begin PBXGroup section */
		685FEBFF16BA08E7007083CF = {
			isa = PBXGroup;
			children = (
				685FEC1116BA08E7007083CF /* Crunchy */,
				685FEC0A16BA08E7007083CF /* Frameworks */,
				685FEC0916BA08E7007083CF /* Products */,
			);
			sourceTree = "<group>";
		};
		685FEC0916BA08E7007083CF /* Products */ = {
			isa = PBXGroup;
			children = (
				685FEC0816BA08E7007083CF /* Crunchy.app */,
			);
			name = Products;
			sourceTree = "<group>";
		};
		685FEC0A16BA08E7007083CF /* Frameworks */ = {
			isa = PBXGroup;
			children = (
				68B7882118B98288001CAAB4 /* iAd.framework */,
				68B7881C18B5EA76001CAAB4 /* Crashlytics.framework */,
				E89397FA18B2C3D800474141 /* CoreLocation.framework */,
				68E669BB16C58CD7007529AD /* MapKit.framework */,
				68E669B916C58CAE007529AD /* ImageIO.framework */,
				6894C7A41841BA6E00A3CD85 /* Security.framework */,
				6894C7A21841BA3800A3CD85 /* CoreImage.framework */,
				6894C79E1841B9AA00A3CD85 /* MobileCoreServices.framework */,
				6894C79C1841B92E00A3CD85 /* CFNetwork.framework */,
				685FEC3316BA0DEF007083CF /* libxml2.2.dylib */,
				685FEC3116BA0DE5007083CF /* libz.1.2.5.dylib */,
				685FEC0B16BA08E7007083CF /* UIKit.framework */,
				685FEC0D16BA08E7007083CF /* Foundation.framework */,
				685FEC0F16BA08E7007083CF /* CoreGraphics.framework */,
			);
			name = Frameworks;
			sourceTree = "<group>";
		};
		685FEC1116BA08E7007083CF /* Crunchy */ = {
			isa = PBXGroup;
			children = (
				68BE432819FAEEBB00C76DFC /* Launch Screen.xib */,
				68BE42F619FAE9D800C76DFC /* SDWebImage */,
				6894C77F1841B79100A3CD85 /* AFNetworking */,
				68E669CA16C76754007529AD /* NSString */,
				685FEC4116BA0F69007083CF /* assets */,
				685FEC1A16BA08E7007083CF /* AppDelegate.h */,
				685FEC1B16BA08E7007083CF /* AppDelegate.m */,
				685FEC2316BA08E7007083CF /* MainStoryboard.storyboard */,
				68E669C016C65AF0007529AD /* ImageViewController.h */,
				68E669C116C65AF0007529AD /* ImageViewController.m */,
				68E669C716C6E972007529AD /* OverviewViewController.h */,
				68E669C816C6E972007529AD /* OverviewViewController.m */,
				685FEC2616BA08E7007083CF /* MasterViewController.h */,
				685FEC2716BA08E7007083CF /* MasterViewController.m */,
				685FEC2916BA08E7007083CF /* DetailViewController.h */,
				685FEC2A16BA08E7007083CF /* DetailViewController.m */,
				E810235A17B410C400C80FBE /* Cruncher.h */,
				E810235B17B410C400C80FBE /* Cruncher.m */,
				685FEC1216BA08E7007083CF /* Supporting Files */,
				68E669BD16C64763007529AD /* AboutViewController.h */,
				68E669BE16C64763007529AD /* AboutViewController.m */,
				68C9A01B183D86F400BA2885 /* Images.xcassets */,
				E89397F418B2B09100474141 /* WebViewController.h */,
				E89397F518B2B09100474141 /* WebViewController.m */,
				E89397F718B2C33C00474141 /* MapViewController.h */,
				E89397F818B2C33C00474141 /* MapViewController.m */,
				68B7881E18B5ED14001CAAB4 /* OfficeAnnotation.h */,
				68B7881F18B5ED14001CAAB4 /* OfficeAnnotation.m */,
				68B7882318B98E07001CAAB4 /* FundingsViewController.h */,
				68B7882418B98E07001CAAB4 /* FundingsViewController.m */,
			);
			path = Crunchy;
			sourceTree = "<group>";
		};
		685FEC1216BA08E7007083CF /* Supporting Files */ = {
			isa = PBXGroup;
			children = (
				685FEC1316BA08E7007083CF /* Crunchy-Info.plist */,
				685FEC1416BA08E7007083CF /* InfoPlist.strings */,
				685FEC1716BA08E7007083CF /* main.m */,
				685FEC1916BA08E7007083CF /* Crunchy-Prefix.pch */,
				685FEC1D16BA08E7007083CF /* Default.png */,
				685FEC1F16BA08E7007083CF /* Default@2x.png */,
				685FEC2116BA08E7007083CF /* Default-568h@2x.png */,
			);
			name = "Supporting Files";
			sourceTree = "<group>";
		};
		685FEC4116BA0F69007083CF /* assets */ = {
			isa = PBXGroup;
			children = (
				685FEC3516BA0F63007083CF /* Default-568h@2x.png */,
				685FEC3616BA0F63007083CF /* Default.png */,
				685FEC3716BA0F63007083CF /* Default@2x.png */,
				685FEC3816BA0F63007083CF /* image.png */,
				685FEC3916BA0F63007083CF /* crunchbase.png */,
				685FEC3A16BA0F63007083CF /* crunchbase@2x.png */,
			);
			name = assets;
			sourceTree = "<group>";
		};
		6894C77F1841B79100A3CD85 /* AFNetworking */ = {
			isa = PBXGroup;
			children = (
				6894C7801841B79100A3CD85 /* AFHTTPClient.h */,
				6894C7811841B79100A3CD85 /* AFHTTPClient.m */,
				6894C7821841B79100A3CD85 /* AFHTTPRequestOperation.h */,
				6894C7831841B79100A3CD85 /* AFHTTPRequestOperation.m */,
				6894C7841841B79100A3CD85 /* AFImageRequestOperation.h */,
				6894C7851841B79100A3CD85 /* AFImageRequestOperation.m */,
				6894C7861841B79100A3CD85 /* AFJSONRequestOperation.h */,
				6894C7871841B79100A3CD85 /* AFJSONRequestOperation.m */,
				6894C7881841B79100A3CD85 /* AFNetworkActivityIndicatorManager.h */,
				6894C7891841B79100A3CD85 /* AFNetworkActivityIndicatorManager.m */,
				6894C78A1841B79100A3CD85 /* AFNetworking.h */,
				6894C78B1841B79100A3CD85 /* AFPropertyListRequestOperation.h */,
				6894C78C1841B79100A3CD85 /* AFPropertyListRequestOperation.m */,
				6894C78D1841B79100A3CD85 /* AFURLConnectionOperation.h */,
				6894C78E1841B79100A3CD85 /* AFURLConnectionOperation.m */,
				6894C78F1841B79100A3CD85 /* AFXMLRequestOperation.h */,
				6894C7901841B79100A3CD85 /* AFXMLRequestOperation.m */,
				6894C7911841B79100A3CD85 /* UIImageView+AFNetworking.h */,
				6894C7921841B79100A3CD85 /* UIImageView+AFNetworking.m */,
			);
			path = AFNetworking;
			sourceTree = "<group>";
		};
		68BE42F619FAE9D800C76DFC /* SDWebImage */ = {
			isa = PBXGroup;
			children = (
				68BE42F719FAE9D800C76DFC /* MKAnnotationView+WebCache.h */,
				68BE42F819FAE9D800C76DFC /* MKAnnotationView+WebCache.m */,
				68BE42F919FAE9D800C76DFC /* NSData+ImageContentType.h */,
				68BE42FA19FAE9D800C76DFC /* NSData+ImageContentType.m */,
				68BE42FB19FAE9D800C76DFC /* SDImageCache.h */,
				68BE42FC19FAE9D800C76DFC /* SDImageCache.m */,
				68BE42FD19FAE9D800C76DFC /* SDWebImageCompat.h */,
				68BE42FE19FAE9D800C76DFC /* SDWebImageCompat.m */,
				68BE42FF19FAE9D800C76DFC /* SDWebImageDecoder.h */,
				68BE430019FAE9D800C76DFC /* SDWebImageDecoder.m */,
				68BE430119FAE9D800C76DFC /* SDWebImageDownloader.h */,
				68BE430219FAE9D800C76DFC /* SDWebImageDownloader.m */,
				68BE430319FAE9D800C76DFC /* SDWebImageDownloaderOperation.h */,
				68BE430419FAE9D800C76DFC /* SDWebImageDownloaderOperation.m */,
				68BE430519FAE9D800C76DFC /* SDWebImageManager.h */,
				68BE430619FAE9D800C76DFC /* SDWebImageManager.m */,
				68BE430719FAE9D800C76DFC /* SDWebImageOperation.h */,
				68BE430819FAE9D800C76DFC /* SDWebImagePrefetcher.h */,
				68BE430919FAE9D800C76DFC /* SDWebImagePrefetcher.m */,
				68BE430A19FAE9D800C76DFC /* UIButton+WebCache.h */,
				68BE430B19FAE9D800C76DFC /* UIButton+WebCache.m */,
				68BE430C19FAE9D800C76DFC /* UIImage+GIF.h */,
				68BE430D19FAE9D800C76DFC /* UIImage+GIF.m */,
				68BE430E19FAE9D800C76DFC /* UIImage+MultiFormat.h */,
				68BE430F19FAE9D800C76DFC /* UIImage+MultiFormat.m */,
				68BE431019FAE9D800C76DFC /* UIImage+WebP.h */,
				68BE431119FAE9D800C76DFC /* UIImage+WebP.m */,
				68BE431219FAE9D800C76DFC /* UIImageView+HighlightedWebCache.h */,
				68BE431319FAE9D800C76DFC /* UIImageView+HighlightedWebCache.m */,
				68BE431419FAE9D800C76DFC /* UIImageView+WebCache.h */,
				68BE431519FAE9D800C76DFC /* UIImageView+WebCache.m */,
				68BE431619FAE9D800C76DFC /* UIView+WebCacheOperation.h */,
				68BE431719FAE9D800C76DFC /* UIView+WebCacheOperation.m */,
			);
			path = SDWebImage;
			sourceTree = "<group>";
		};
		68E669CA16C76754007529AD /* NSString */ = {
			isa = PBXGroup;
			children = (
				68E669CB16C76754007529AD /* GTMNSString+HTML.h */,
				68E669CC16C76754007529AD /* GTMNSString+HTML.m */,
				68E669CD16C76754007529AD /* NSString+HTML.h */,
				68E669CE16C76754007529AD /* NSString+HTML.m */,
			);
			path = NSString;
			sourceTree = "<group>";
		};
/* End PBXGroup section */

/* Begin PBXNativeTarget section */
		685FEC0716BA08E7007083CF /* Crunchy */ = {
			isa = PBXNativeTarget;
			buildConfigurationList = 685FEC2E16BA08E7007083CF /* Build configuration list for PBXNativeTarget "Crunchy" */;
			buildPhases = (
				685FEC0416BA08E7007083CF /* Sources */,
				685FEC0516BA08E7007083CF /* Frameworks */,
				685FEC0616BA08E7007083CF /* Resources */,
				E81E3BF718AD6BE400449AA8 /* ShellScript */,
			);
			buildRules = (
			);
			dependencies = (
			);
			name = Crunchy;
			productName = "CrunchBase Mobile V2";
			productReference = 685FEC0816BA08E7007083CF /* Crunchy.app */;
			productType = "com.apple.product-type.application";
		};
/* End PBXNativeTarget section */

/* Begin PBXProject section */
		685FEC0016BA08E7007083CF /* Project object */ = {
			isa = PBXProject;
			attributes = {
				LastUpgradeCheck = 0500;
				ORGANIZATIONNAME = "Menan Vadivel";
				TargetAttributes = {
					685FEC0716BA08E7007083CF = {
						DevelopmentTeam = P7DAG38SF9;
						SystemCapabilities = {
							com.apple.InterAppAudio = {
								enabled = 0;
							};
							com.apple.iOS = {
								enabled = 0;
							};
						};
					};
				};
			};
			buildConfigurationList = 685FEC0316BA08E7007083CF /* Build configuration list for PBXProject "Crunchy" */;
			compatibilityVersion = "Xcode 3.2";
			developmentRegion = English;
			hasScannedForEncodings = 0;
			knownRegions = (
				en,
			);
			mainGroup = 685FEBFF16BA08E7007083CF;
			productRefGroup = 685FEC0916BA08E7007083CF /* Products */;
			projectDirPath = "";
			projectRoot = "";
			targets = (
				685FEC0716BA08E7007083CF /* Crunchy */,
			);
		};
/* End PBXProject section */

/* Begin PBXResourcesBuildPhase section */
		685FEC0616BA08E7007083CF /* Resources */ = {
			isa = PBXResourcesBuildPhase;
			buildActionMask = 2147483647;
			files = (
				685FEC1616BA08E7007083CF /* InfoPlist.strings in Resources */,
				685FEC1E16BA08E7007083CF /* Default.png in Resources */,
				685FEC2016BA08E7007083CF /* Default@2x.png in Resources */,
				685FEC2216BA08E7007083CF /* Default-568h@2x.png in Resources */,
				685FEC2516BA08E7007083CF /* MainStoryboard.storyboard in Resources */,
				685FEC3E16BA0F63007083CF /* image.png in Resources */,
				68C9A01C183D86F400BA2885 /* Images.xcassets in Resources */,
				685FEC3F16BA0F63007083CF /* crunchbase.png in Resources */,
				685FEC4016BA0F63007083CF /* crunchbase@2x.png in Resources */,
				68BE432919FAEEBB00C76DFC /* Launch Screen.xib in Resources */,
			);
			runOnlyForDeploymentPostprocessing = 0;
		};
/* End PBXResourcesBuildPhase section */

/* Begin PBXShellScriptBuildPhase section */
		E81E3BF718AD6BE400449AA8 /* ShellScript */ = {
			isa = PBXShellScriptBuildPhase;
			buildActionMask = 2147483647;
			files = (
			);
			inputPaths = (
			);
			outputPaths = (
			);
			runOnlyForDeploymentPostprocessing = 0;
			shellPath = /bin/sh;
			shellScript = "./Crashlytics.framework/run 928e4de34d419b70f5613e6c88fc7e1d35555057";
		};
/* End PBXShellScriptBuildPhase section */

/* Begin PBXSourcesBuildPhase section */
		685FEC0416BA08E7007083CF /* Sources */ = {
			isa = PBXSourcesBuildPhase;
			buildActionMask = 2147483647;
			files = (
				68BE431C19FAE9D800C76DFC /* SDWebImageDecoder.m in Sources */,
				68BE432719FAE9D800C76DFC /* UIView+WebCacheOperation.m in Sources */,
				68B7882518B98E07001CAAB4 /* FundingsViewController.m in Sources */,
				68BE431F19FAE9D800C76DFC /* SDWebImageManager.m in Sources */,
				6894C7941841B79100A3CD85 /* AFHTTPRequestOperation.m in Sources */,
				E89397F618B2B09100474141 /* WebViewController.m in Sources */,
				685FEC1816BA08E7007083CF /* main.m in Sources */,
				68BE431B19FAE9D800C76DFC /* SDWebImageCompat.m in Sources */,
				68BE431E19FAE9D800C76DFC /* SDWebImageDownloaderOperation.m in Sources */,
				6894C7951841B79100A3CD85 /* AFImageRequestOperation.m in Sources */,
				685FEC1C16BA08E7007083CF /* AppDelegate.m in Sources */,
				68BE432619FAE9D800C76DFC /* UIImageView+WebCache.m in Sources */,
				685FEC2816BA08E7007083CF /* MasterViewController.m in Sources */,
				685FEC2B16BA08E7007083CF /* DetailViewController.m in Sources */,
				6894C7931841B79100A3CD85 /* AFHTTPClient.m in Sources */,
				68BE432519FAE9D800C76DFC /* UIImageView+HighlightedWebCache.m in Sources */,
				6894C7981841B79100A3CD85 /* AFPropertyListRequestOperation.m in Sources */,
				6894C7991841B79100A3CD85 /* AFURLConnectionOperation.m in Sources */,
				6894C79B1841B79100A3CD85 /* UIImageView+AFNetworking.m in Sources */,
				68BE432219FAE9D800C76DFC /* UIImage+GIF.m in Sources */,
				68BE432319FAE9D800C76DFC /* UIImage+MultiFormat.m in Sources */,
				6894C7961841B79100A3CD85 /* AFJSONRequestOperation.m in Sources */,
				68BE432419FAE9D800C76DFC /* UIImage+WebP.m in Sources */,
				68BE432019FAE9D800C76DFC /* SDWebImagePrefetcher.m in Sources */,
				E89397F918B2C33C00474141 /* MapViewController.m in Sources */,
				68B7882018B5ED14001CAAB4 /* OfficeAnnotation.m in Sources */,
				6894C79A1841B79100A3CD85 /* AFXMLRequestOperation.m in Sources */,
				68E669BF16C64764007529AD /* AboutViewController.m in Sources */,
				68BE431819FAE9D800C76DFC /* MKAnnotationView+WebCache.m in Sources */,
				68E669C216C65AF0007529AD /* ImageViewController.m in Sources */,
				68BE431D19FAE9D800C76DFC /* SDWebImageDownloader.m in Sources */,
				68BE432119FAE9D800C76DFC /* UIButton+WebCache.m in Sources */,
				68E669C916C6E972007529AD /* OverviewViewController.m in Sources */,
				68BE431919FAE9D800C76DFC /* NSData+ImageContentType.m in Sources */,
				6894C7971841B79100A3CD85 /* AFNetworkActivityIndicatorManager.m in Sources */,
				68E669CF16C76754007529AD /* GTMNSString+HTML.m in Sources */,
				68BE431A19FAE9D800C76DFC /* SDImageCache.m in Sources */,
				68E669D016C76754007529AD /* NSString+HTML.m in Sources */,
				E810235C17B410C400C80FBE /* Cruncher.m in Sources */,
			);
			runOnlyForDeploymentPostprocessing = 0;
		};
/* End PBXSourcesBuildPhase section */

/* Begin PBXVariantGroup section */
		685FEC1416BA08E7007083CF /* InfoPlist.strings */ = {
			isa = PBXVariantGroup;
			children = (
				685FEC1516BA08E7007083CF /* en */,
			);
			name = InfoPlist.strings;
			sourceTree = "<group>";
		};
		685FEC2316BA08E7007083CF /* MainStoryboard.storyboard */ = {
			isa = PBXVariantGroup;
			children = (
				685FEC2416BA08E7007083CF /* en */,
			);
			name = MainStoryboard.storyboard;
			sourceTree = "<group>";
		};
/* End PBXVariantGroup section */

/* Begin XCBuildConfiguration section */
		685FEC2C16BA08E7007083CF /* Debug */ = {
			isa = XCBuildConfiguration;
			buildSettings = {
				ALWAYS_SEARCH_USER_PATHS = NO;
				CLANG_CXX_LANGUAGE_STANDARD = "gnu++0x";
				CLANG_CXX_LIBRARY = "libc++";
				CLANG_ENABLE_OBJC_ARC = YES;
				CLANG_WARN_CONSTANT_CONVERSION = YES;
				CLANG_WARN_EMPTY_BODY = YES;
				CLANG_WARN_ENUM_CONVERSION = YES;
				CLANG_WARN_INT_CONVERSION = YES;
				CLANG_WARN__DUPLICATE_METHOD_MATCH = YES;
				"CODE_SIGN_IDENTITY[sdk=iphoneos*]" = "iPhone Developer";
				COPY_PHASE_STRIP = NO;
				GCC_C_LANGUAGE_STANDARD = gnu99;
				GCC_DYNAMIC_NO_PIC = NO;
				GCC_OPTIMIZATION_LEVEL = 0;
				GCC_PREPROCESSOR_DEFINITIONS = (
					"DEBUG=1",
					"$(inherited)",
				);
				GCC_SYMBOLS_PRIVATE_EXTERN = NO;
				GCC_WARN_ABOUT_RETURN_TYPE = YES;
				GCC_WARN_UNINITIALIZED_AUTOS = YES;
				GCC_WARN_UNUSED_VARIABLE = YES;
				IPHONEOS_DEPLOYMENT_TARGET = 6.1;
				ONLY_ACTIVE_ARCH = YES;
				SDKROOT = iphoneos;
			};
			name = Debug;
		};
		685FEC2D16BA08E7007083CF /* Release */ = {
			isa = XCBuildConfiguration;
			buildSettings = {
				ALWAYS_SEARCH_USER_PATHS = NO;
				CLANG_CXX_LANGUAGE_STANDARD = "gnu++0x";
				CLANG_CXX_LIBRARY = "libc++";
				CLANG_ENABLE_OBJC_ARC = YES;
				CLANG_WARN_CONSTANT_CONVERSION = YES;
				CLANG_WARN_EMPTY_BODY = YES;
				CLANG_WARN_ENUM_CONVERSION = YES;
				CLANG_WARN_INT_CONVERSION = YES;
				CLANG_WARN__DUPLICATE_METHOD_MATCH = YES;
				"CODE_SIGN_IDENTITY[sdk=iphoneos*]" = "iPhone Developer";
				COPY_PHASE_STRIP = YES;
				GCC_C_LANGUAGE_STANDARD = gnu99;
				GCC_WARN_ABOUT_RETURN_TYPE = YES;
				GCC_WARN_UNINITIALIZED_AUTOS = YES;
				GCC_WARN_UNUSED_VARIABLE = YES;
				IPHONEOS_DEPLOYMENT_TARGET = 6.1;
				OTHER_CFLAGS = "-DNS_BLOCK_ASSERTIONS=1";
				SDKROOT = iphoneos;
				VALIDATE_PRODUCT = YES;
			};
			name = Release;
		};
		685FEC2F16BA08E7007083CF /* Debug */ = {
			isa = XCBuildConfiguration;
			buildSettings = {
				ASSETCATALOG_COMPILER_APPICON_NAME = AppIcon;
				ASSETCATALOG_COMPILER_LAUNCHIMAGE_NAME = LaunchImage;
				CODE_SIGN_IDENTITY = "iPhone Developer";
				"CODE_SIGN_IDENTITY[sdk=iphoneos*]" = "iPhone Developer";
				FRAMEWORK_SEARCH_PATHS = (
					"$(inherited)",
					/Users/menan/Dropbox/buinnes/Tinrit,
					/Users/alexandrecarriere/Projects/crunchy,
					/Users/menan/Projects/crunchy,
				);
				GCC_PRECOMPILE_PREFIX_HEADER = YES;
				GCC_PREFIX_HEADER = "Crunchy/Crunchy-Prefix.pch";
				INFOPLIST_FILE = "$(SRCROOT)/Crunchy/Crunchy-Info.plist";
				IPHONEOS_DEPLOYMENT_TARGET = 6.0;
				PRODUCT_NAME = Crunchy;
				PROVISIONING_PROFILE = "";
				WRAPPER_EXTENSION = app;
			};
			name = Debug;
		};
		685FEC3016BA08E7007083CF /* Release */ = {
			isa = XCBuildConfiguration;
			buildSettings = {
				ASSETCATALOG_COMPILER_APPICON_NAME = AppIcon;
				ASSETCATALOG_COMPILER_LAUNCHIMAGE_NAME = LaunchImage;
				CODE_SIGN_IDENTITY = "iPhone Developer";
				"CODE_SIGN_IDENTITY[sdk=iphoneos*]" = "iPhone Developer";
				FRAMEWORK_SEARCH_PATHS = (
					"$(inherited)",
					/Users/menan/Dropbox/buinnes/Tinrit,
					/Users/alexandrecarriere/Projects/crunchy,
					/Users/menan/Projects/crunchy,
				);
				GCC_PRECOMPILE_PREFIX_HEADER = YES;
				GCC_PREFIX_HEADER = "Crunchy/Crunchy-Prefix.pch";
				INFOPLIST_FILE = "$(SRCROOT)/Crunchy/Crunchy-Info.plist";
				IPHONEOS_DEPLOYMENT_TARGET = 6.0;
				PRODUCT_NAME = Crunchy;
				PROVISIONING_PROFILE = "";
				WRAPPER_EXTENSION = app;
			};
			name = Release;
		};
/* End XCBuildConfiguration section */

/* Begin XCConfigurationList section */
		685FEC0316BA08E7007083CF /* Build configuration list for PBXProject "Crunchy" */ = {
			isa = XCConfigurationList;
			buildConfigurations = (
				685FEC2C16BA08E7007083CF /* Debug */,
				685FEC2D16BA08E7007083CF /* Release */,
			);
			defaultConfigurationIsVisible = 0;
			defaultConfigurationName = Release;
		};
		685FEC2E16BA08E7007083CF /* Build configuration list for PBXNativeTarget "Crunchy" */ = {
			isa = XCConfigurationList;
			buildConfigurations = (
				685FEC2F16BA08E7007083CF /* Debug */,
				685FEC3016BA08E7007083CF /* Release */,
			);
			defaultConfigurationIsVisible = 0;
			defaultConfigurationName = Release;
		};
/* End XCConfigurationList section */
	};
	rootObject = 685FEC0016BA08E7007083CF /* Project object */;
}
